
Microsoft Visual Studio Solution File, Format Version 12.00
# Visual Studio Version 16
VisualStudioVersion = 16.0.31321.278
MinimumVisualStudioVersion = 10.0.40219.1
Project("{FAE04EC0-301F-11D3-BF4B-00C04F79EFBC}") = "KiemTra", "KiemTra\KiemTra.csproj", "{BB8F1908-491E-4661-8D5A-74B6C8B744CC}"
EndProject
Global
	GlobalSection(SolutionConfigurationPlatforms) = preSolution
		Debug|Any CPU = Debug|Any CPU
		Release|Any CPU = Release|Any CPU
	EndGlobalSection
	GlobalSection(ProjectConfigurationPlatforms) = postSolution
		{BB8F1908-491E-4661-8D5A-74B6C8B744CC}.Debug|Any CPU.ActiveCfg = Debug|Any CPU
		{BB8F1908-491E-4661-8D5A-74B6C8B744CC}.Debug|Any CPU.Build.0 = Debug|Any CPU
		{BB8F1908-491E-4661-8D5A-74B6C8B744CC}.Release|Any CPU.ActiveCfg = Release|Any CPU
		{BB8F1908-491E-4661-8D5A-74B6C8B744CC}.Release|Any CPU.Build.0 = Release|Any CPU
	EndGlobalSection
	GlobalSection(SolutionProperties) = preSolution
		HideSolutionNode = FALSE
	EndGlobalSection
	GlobalSection(ExtensibilityGlobals) = postSolution
		SolutionGuid = {436E98B8-63B9-42BF-A356-3F6E815CF476}
	EndGlobalSection
EndGlobal
